{
  "name": "projet-paris---base",
  "version": "1.0.0",
  "lockfileVersion": 2,
  "requires": true,
  "packages": {
    "": {
      "name": "projet-paris---base",
      "version": "1.0.0",
      "license": "ISC",
      "dependencies": {
        "vanilla-router": "^1.2.8"
      }
    },
    "node_modules/vanilla-router": {
      "version": "1.2.8",
      "resolved": "https://registry.npmjs.org/vanilla-router/-/vanilla-router-1.2.8.tgz",
      "integrity": "sha512-jZYhHPTXVqsUr4nfSD776q2eWeKNphBgvh7ELyGgcgZPo2bjUgV4BdW0l0fHX+cNZHDpW8WabQ8ZdIHc73Cd7w=="
    }
  },
  "dependencies": {
    "vanilla-router": {
      "version": "1.2.8",
      "resolved": "https://registry.npmjs.org/vanilla-router/-/vanilla-router-1.2.8.tgz",
      "integrity": "sha512-jZYhHPTXVqsUr4nfSD776q2eWeKNphBgvh7ELyGgcgZPo2bjUgV4BdW0l0fHX+cNZHDpW8WabQ8ZdIHc73Cd7w=="
    }
  }
}
